{
  "originHash" : "d9d117d73f70ed14da25127fdfd516f0988a944734b55277fbd3a1536550970c",
  "pins" : [
    {
      "identity" : "foundation-plus",
      "kind" : "remoteSourceControl",
      "location" : "https://github.com/Star-Lord-PHB/foundation-plus.git",
      "state" : {
        "revision" : "012a2f2b2b26414674194c8a6ceb1729876980f7",
        "version" : "0.2.2"
      }
    },
    {
      "identity" : "swift-argument-parser",
      "kind" : "remoteSourceControl",
      "location" : "https://github.com/apple/swift-argument-parser",
      "state" : {
        "revision" : "41982a3656a71c768319979febd796c6fd111d5c",
        "version" : "1.5.0"
      }
    },
    {
      "identity" : "swift-async-algorithms",
      "kind" : "remoteSourceControl",
      "location" : "https://github.com/apple/swift-async-algorithms",
      "state" : {
        "revision" : "4c3ea81f81f0a25d0470188459c6d4bf20cf2f97",
        "version" : "1.0.3"
      }
    },
    {
      "identity" : "swift-codable-macro",
      "kind" : "remoteSourceControl",
      "location" : "https://github.com/Star-Lord-PHB/swift-codable-macro.git",
      "state" : {
        "revision" : "c2d0b7652b420745aaca49da674348ff833ee218",
        "version" : "1.0.5"
      }
    },
    {
      "identity" : "swift-collections",
      "kind" : "remoteSourceControl",
      "location" : "https://github.com/apple/swift-collections.git",
      "state" : {
        "revision" : "671108c96644956dddcd89dd59c203dcdb36cec7",
        "version" : "1.1.4"
      }
    },
    {
      "identity" : "swift-syntax",
      "kind" : "remoteSourceControl",
      "location" : "https://github.com/swiftlang/swift-syntax.git",
      "state" : {
        "revision" : "0687f71944021d616d34d922343dcef086855920",
        "version" : "600.0.1"
      }
    },
    {
      "identity" : "swift-system",
      "kind" : "remoteSourceControl",
      "location" : "https://github.com/apple/swift-system",
      "state" : {
        "revision" : "c8a44d836fe7913603e246acab7c528c2e780168",
        "version" : "1.4.0"
      }
    },
    {
      "identity" : "swiftcommand",
      "kind" : "remoteSourceControl",
      "location" : "https://github.com/Zollerboy1/SwiftCommand.git",
      "state" : {
        "revision" : "4a0ea7695a17c4e4053e15814110b5086c3c2ceb",
        "version" : "1.4.1"
      }
    }
  ],
  "version" : 3
}